
Microsoft Visual Studio Solution File, Format Version 12.00
# Visual Studio Version 17
VisualStudioVersion = 17.9.34728.123
MinimumVisualStudioVersion = 10.0.40219.1
Project("{FAE04EC0-301F-11D3-BF4B-00C04F79EFBC}") = "Lista3ex12", "Lista3ex12\Lista3ex12.csproj", "{171DE98A-4796-4D93-BD53-43594104D11D}"
EndProject
Global
	GlobalSection(SolutionConfigurationPlatforms) = preSolution
		Debug|Any CPU = Debug|Any CPU
		Release|Any CPU = Release|Any CPU
	EndGlobalSection
	GlobalSection(ProjectConfigurationPlatforms) = postSolution
		{171DE98A-4796-4D93-BD53-43594104D11D}.Debug|Any CPU.ActiveCfg = Debug|Any CPU
		{171DE98A-4796-4D93-BD53-43594104D11D}.Debug|Any CPU.Build.0 = Debug|Any CPU
		{171DE98A-4796-4D93-BD53-43594104D11D}.Release|Any CPU.ActiveCfg = Release|Any CPU
		{171DE98A-4796-4D93-BD53-43594104D11D}.Release|Any CPU.Build.0 = Release|Any CPU
	EndGlobalSection
	GlobalSection(SolutionProperties) = preSolution
		HideSolutionNode = FALSE
	EndGlobalSection
	GlobalSection(ExtensibilityGlobals) = postSolution
		SolutionGuid = {55674EA3-4C0A-4FB0-80E9-C67788090833}
	EndGlobalSection
EndGlobal
