
Microsoft Visual Studio Solution File, Format Version 12.00
# Visual Studio Version 17
VisualStudioVersion = 17.9.34728.123
MinimumVisualStudioVersion = 10.0.40219.1
Project("{FAE04EC0-301F-11D3-BF4B-00C04F79EFBC}") = "Lista3ex2", "Lista3ex2\Lista3ex2.csproj", "{9E40FE7E-1BEF-459E-917B-03AE13342617}"
EndProject
Global
	GlobalSection(SolutionConfigurationPlatforms) = preSolution
		Debug|Any CPU = Debug|Any CPU
		Release|Any CPU = Release|Any CPU
	EndGlobalSection
	GlobalSection(ProjectConfigurationPlatforms) = postSolution
		{9E40FE7E-1BEF-459E-917B-03AE13342617}.Debug|Any CPU.ActiveCfg = Debug|Any CPU
		{9E40FE7E-1BEF-459E-917B-03AE13342617}.Debug|Any CPU.Build.0 = Debug|Any CPU
		{9E40FE7E-1BEF-459E-917B-03AE13342617}.Release|Any CPU.ActiveCfg = Release|Any CPU
		{9E40FE7E-1BEF-459E-917B-03AE13342617}.Release|Any CPU.Build.0 = Release|Any CPU
	EndGlobalSection
	GlobalSection(SolutionProperties) = preSolution
		HideSolutionNode = FALSE
	EndGlobalSection
	GlobalSection(ExtensibilityGlobals) = postSolution
		SolutionGuid = {2CAF59A5-1392-4062-ADD2-B6E1AF022094}
	EndGlobalSection
EndGlobal
